// !$*UTF8*$!
{
	archiveVersion = 1;
	classes = {
	};
	objectVersion = 52;
	objects = {

/* Begin PBXBuildFile section */
		5218F16226ADF30400B36874 /* DiaryTrainingApp.swift in Sources */ = {isa = PBXBuildFile; fileRef = 5218F16126ADF30400B36874 /* DiaryTrainingApp.swift */; };
		5218F16426ADF30400B36874 /* ContentView.swift in Sources */ = {isa = PBXBuildFile; fileRef = 5218F16326ADF30400B36874 /* ContentView.swift */; };
		5218F16626ADF30500B36874 /* Assets.xcassets in Resources */ = {isa = PBXBuildFile; fileRef = 5218F16526ADF30500B36874 /* Assets.xcassets */; };
		5218F16926ADF30500B36874 /* Preview Assets.xcassets in Resources */ = {isa = PBXBuildFile; fileRef = 5218F16826ADF30500B36874 /* Preview Assets.xcassets */; };
		52797AA326AF0B0900DFCDE8 /* LazyView.swift in Sources */ = {isa = PBXBuildFile; fileRef = 52797AA226AF0B0900DFCDE8 /* LazyView.swift */; };
		52797AA726AF0B9300DFCDE8 /* PopupView.swift in Sources */ = {isa = PBXBuildFile; fileRef = 52797AA626AF0B9300DFCDE8 /* PopupView.swift */; };
		52797AA926AF0BB800DFCDE8 /* ActivityIndicator.swift in Sources */ = {isa = PBXBuildFile; fileRef = 52797AA826AF0BB800DFCDE8 /* ActivityIndicator.swift */; };
		52797AAB26AF0BF600DFCDE8 /* FoodScreen.swift in Sources */ = {isa = PBXBuildFile; fileRef = 52797AAA26AF0BF600DFCDE8 /* FoodScreen.swift */; };
		52797AAD26AF0C1B00DFCDE8 /* TrainingScreen.swift in Sources */ = {isa = PBXBuildFile; fileRef = 52797AAC26AF0C1B00DFCDE8 /* TrainingScreen.swift */; };
		52797AAF26AF0C3B00DFCDE8 /* ProfileScreen.swift in Sources */ = {isa = PBXBuildFile; fileRef = 52797AAE26AF0C3B00DFCDE8 /* ProfileScreen.swift */; };
		52797AB126AF0C7900DFCDE8 /* SettingsScreen.swift in Sources */ = {isa = PBXBuildFile; fileRef = 52797AB026AF0C7900DFCDE8 /* SettingsScreen.swift */; };
		52797AB326AF0C8800DFCDE8 /* AboutScreen.swift in Sources */ = {isa = PBXBuildFile; fileRef = 52797AB226AF0C8800DFCDE8 /* AboutScreen.swift */; };
		52797AB526AF0C9900DFCDE8 /* LicensesScreen.swift in Sources */ = {isa = PBXBuildFile; fileRef = 52797AB426AF0C9900DFCDE8 /* LicensesScreen.swift */; };
		52797AD126AF0E2300DFCDE8 /* Networking in Frameworks */ = {isa = PBXBuildFile; productRef = 52797AD026AF0E2300DFCDE8 /* Networking */; };
/* End PBXBuildFile section */

/* Begin PBXFileReference section */
		5218F15E26ADF30400B36874 /* DiaryTraining.app */ = {isa = PBXFileReference; explicitFileType = wrapper.application; includeInIndex = 0; path = DiaryTraining.app; sourceTree = BUILT_PRODUCTS_DIR; };
		5218F16126ADF30400B36874 /* DiaryTrainingApp.swift */ = {isa = PBXFileReference; lastKnownFileType = sourcecode.swift; path = DiaryTrainingApp.swift; sourceTree = "<group>"; };
		5218F16326ADF30400B36874 /* ContentView.swift */ = {isa = PBXFileReference; lastKnownFileType = sourcecode.swift; path = ContentView.swift; sourceTree = "<group>"; };
		5218F16526ADF30500B36874 /* Assets.xcassets */ = {isa = PBXFileReference; lastKnownFileType = folder.assetcatalog; path = Assets.xcassets; sourceTree = "<group>"; };
		5218F16826ADF30500B36874 /* Preview Assets.xcassets */ = {isa = PBXFileReference; lastKnownFileType = folder.assetcatalog; path = "Preview Assets.xcassets"; sourceTree = "<group>"; };
		5218F16A26ADF30500B36874 /* Info.plist */ = {isa = PBXFileReference; lastKnownFileType = text.plist.xml; path = Info.plist; sourceTree = "<group>"; };
		52797AA226AF0B0900DFCDE8 /* LazyView.swift */ = {isa = PBXFileReference; lastKnownFileType = sourcecode.swift; path = LazyView.swift; sourceTree = "<group>"; };
		52797AA626AF0B9300DFCDE8 /* PopupView.swift */ = {isa = PBXFileReference; lastKnownFileType = sourcecode.swift; path = PopupView.swift; sourceTree = "<group>"; };
		52797AA826AF0BB800DFCDE8 /* ActivityIndicator.swift */ = {isa = PBXFileReference; lastKnownFileType = sourcecode.swift; path = ActivityIndicator.swift; sourceTree = "<group>"; };
		52797AAA26AF0BF600DFCDE8 /* FoodScreen.swift */ = {isa = PBXFileReference; lastKnownFileType = sourcecode.swift; path = FoodScreen.swift; sourceTree = "<group>"; };
		52797AAC26AF0C1B00DFCDE8 /* TrainingScreen.swift */ = {isa = PBXFileReference; lastKnownFileType = sourcecode.swift; path = TrainingScreen.swift; sourceTree = "<group>"; };
		52797AAE26AF0C3B00DFCDE8 /* ProfileScreen.swift */ = {isa = PBXFileReference; lastKnownFileType = sourcecode.swift; path = ProfileScreen.swift; sourceTree = "<group>"; };
		52797AB026AF0C7900DFCDE8 /* SettingsScreen.swift */ = {isa = PBXFileReference; lastKnownFileType = sourcecode.swift; path = SettingsScreen.swift; sourceTree = "<group>"; };
		52797AB226AF0C8800DFCDE8 /* AboutScreen.swift */ = {isa = PBXFileReference; lastKnownFileType = sourcecode.swift; path = AboutScreen.swift; sourceTree = "<group>"; };
		52797AB426AF0C9900DFCDE8 /* LicensesScreen.swift */ = {isa = PBXFileReference; lastKnownFileType = sourcecode.swift; path = LicensesScreen.swift; sourceTree = "<group>"; };
		52797AB626AF0D6500DFCDE8 /* Networking */ = {isa = PBXFileReference; lastKnownFileType = text; name = Networking; path = Modules/Networking; sourceTree = SOURCE_ROOT; };
/* End PBXFileReference section */

/* Begin PBXFrameworksBuildPhase section */
		5218F15B26ADF30400B36874 /* Frameworks */ = {
			isa = PBXFrameworksBuildPhase;
			buildActionMask = 2147483647;
			files = (
				52797AD126AF0E2300DFCDE8 /* Networking in Frameworks */,
			);
			runOnlyForDeploymentPostprocessing = 0;
		};
/* End PBXFrameworksBuildPhase section */

/* Begin PBXGroup section */
		5218F15526ADF30400B36874 = {
			isa = PBXGroup;
			children = (
				5218F16026ADF30400B36874 /* DiaryTraining */,
				5218F15F26ADF30400B36874 /* Products */,
				52797ACF26AF0E2300DFCDE8 /* Frameworks */,
			);
			sourceTree = "<group>";
		};
		5218F15F26ADF30400B36874 /* Products */ = {
			isa = PBXGroup;
			children = (
				5218F15E26ADF30400B36874 /* DiaryTraining.app */,
			);
			name = Products;
			sourceTree = "<group>";
		};
		5218F16026ADF30400B36874 /* DiaryTraining */ = {
			isa = PBXGroup;
			children = (
				52797AB826AF0DC200DFCDE8 /* Modules */,
				5218F16126ADF30400B36874 /* DiaryTrainingApp.swift */,
				52797AA126AF0AF100DFCDE8 /* Modifiers */,
				5218F16326ADF30400B36874 /* ContentView.swift */,
				52797AA526AF0B6A00DFCDE8 /* Utils */,
				52797AA426AF0B2100DFCDE8 /* Screens */,
				5218F16526ADF30500B36874 /* Assets.xcassets */,
				5218F16A26ADF30500B36874 /* Info.plist */,
				5218F16726ADF30500B36874 /* Preview Content */,
			);
			path = DiaryTraining;
			sourceTree = "<group>";
		};
		5218F16726ADF30500B36874 /* Preview Content */ = {
			isa = PBXGroup;
			children = (
				5218F16826ADF30500B36874 /* Preview Assets.xcassets */,
			);
			path = "Preview Content";
			sourceTree = "<group>";
		};
		52797AA126AF0AF100DFCDE8 /* Modifiers */ = {
			isa = PBXGroup;
			children = (
				52797AA226AF0B0900DFCDE8 /* LazyView.swift */,
			);
			path = Modifiers;
			sourceTree = "<group>";
		};
		52797AA426AF0B2100DFCDE8 /* Screens */ = {
			isa = PBXGroup;
			children = (
				52797AAA26AF0BF600DFCDE8 /* FoodScreen.swift */,
				52797AAC26AF0C1B00DFCDE8 /* TrainingScreen.swift */,
				52797AAE26AF0C3B00DFCDE8 /* ProfileScreen.swift */,
				52797AB026AF0C7900DFCDE8 /* SettingsScreen.swift */,
				52797AB226AF0C8800DFCDE8 /* AboutScreen.swift */,
				52797AB426AF0C9900DFCDE8 /* LicensesScreen.swift */,
			);
			path = Screens;
			sourceTree = "<group>";
		};
		52797AA526AF0B6A00DFCDE8 /* Utils */ = {
			isa = PBXGroup;
			children = (
				52797AA626AF0B9300DFCDE8 /* PopupView.swift */,
				52797AA826AF0BB800DFCDE8 /* ActivityIndicator.swift */,
			);
			path = Utils;
			sourceTree = "<group>";
		};
		52797AB826AF0DC200DFCDE8 /* Modules */ = {
			isa = PBXGroup;
			children = (
				52797AB626AF0D6500DFCDE8 /* Networking */,
			);
			path = Modules;
			sourceTree = SOURCE_ROOT;
		};
		52797ACF26AF0E2300DFCDE8 /* Frameworks */ = {
			isa = PBXGroup;
			children = (
			);
			name = Frameworks;
			sourceTree = "<group>";
		};
/* End PBXGroup section */

/* Begin PBXNativeTarget section */
		5218F15D26ADF30400B36874 /* DiaryTraining */ = {
			isa = PBXNativeTarget;
			buildConfigurationList = 5218F16D26ADF30500B36874 /* Build configuration list for PBXNativeTarget "DiaryTraining" */;
			buildPhases = (
				5218F15A26ADF30400B36874 /* Sources */,
				5218F15B26ADF30400B36874 /* Frameworks */,
				5218F15C26ADF30400B36874 /* Resources */,
			);
			buildRules = (
			);
			dependencies = (
			);
			name = DiaryTraining;
			packageProductDependencies = (
				52797AD026AF0E2300DFCDE8 /* Networking */,
			);
			productName = DiaryTraining;
			productReference = 5218F15E26ADF30400B36874 /* DiaryTraining.app */;
			productType = "com.apple.product-type.application";
		};
/* End PBXNativeTarget section */

/* Begin PBXProject section */
		5218F15626ADF30400B36874 /* Project object */ = {
			isa = PBXProject;
			attributes = {
				LastSwiftUpdateCheck = 1250;
				LastUpgradeCheck = 1250;
				TargetAttributes = {
					5218F15D26ADF30400B36874 = {
						CreatedOnToolsVersion = 12.5.1;
					};
				};
			};
			buildConfigurationList = 5218F15926ADF30400B36874 /* Build configuration list for PBXProject "DiaryTraining" */;
			compatibilityVersion = "Xcode 9.3";
			developmentRegion = en;
			hasScannedForEncodings = 0;
			knownRegions = (
				en,
				Base,
			);
			mainGroup = 5218F15526ADF30400B36874;
			productRefGroup = 5218F15F26ADF30400B36874 /* Products */;
			projectDirPath = "";
			projectRoot = "";
			targets = (
				5218F15D26ADF30400B36874 /* DiaryTraining */,
			);
		};
/* End PBXProject section */

/* Begin PBXResourcesBuildPhase section */
		5218F15C26ADF30400B36874 /* Resources */ = {
			isa = PBXResourcesBuildPhase;
			buildActionMask = 2147483647;
			files = (
				5218F16926ADF30500B36874 /* Preview Assets.xcassets in Resources */,
				5218F16626ADF30500B36874 /* Assets.xcassets in Resources */,
			);
			runOnlyForDeploymentPostprocessing = 0;
		};
/* End PBXResourcesBuildPhase section */

/* Begin PBXSourcesBuildPhase section */
		5218F15A26ADF30400B36874 /* Sources */ = {
			isa = PBXSourcesBuildPhase;
			buildActionMask = 2147483647;
			files = (
				52797AA326AF0B0900DFCDE8 /* LazyView.swift in Sources */,
				52797AB126AF0C7900DFCDE8 /* SettingsScreen.swift in Sources */,
				52797AB526AF0C9900DFCDE8 /* LicensesScreen.swift in Sources */,
				52797AA926AF0BB800DFCDE8 /* ActivityIndicator.swift in Sources */,
				52797AB326AF0C8800DFCDE8 /* AboutScreen.swift in Sources */,
				52797AA726AF0B9300DFCDE8 /* PopupView.swift in Sources */,
				52797AAB26AF0BF600DFCDE8 /* FoodScreen.swift in Sources */,
				5218F16426ADF30400B36874 /* ContentView.swift in Sources */,
				5218F16226ADF30400B36874 /* DiaryTrainingApp.swift in Sources */,
				52797AAD26AF0C1B00DFCDE8 /* TrainingScreen.swift in Sources */,
				52797AAF26AF0C3B00DFCDE8 /* ProfileScreen.swift in Sources */,
			);
			runOnlyForDeploymentPostprocessing = 0;
		};
/* End PBXSourcesBuildPhase section */

/* Begin XCBuildConfiguration section */
		5218F16B26ADF30500B36874 /* Debug */ = {
			isa = XCBuildConfiguration;
			buildSettings = {
				ALWAYS_SEARCH_USER_PATHS = NO;
				CLANG_ANALYZER_NONNULL = YES;
				CLANG_ANALYZER_NUMBER_OBJECT_CONVERSION = YES_AGGRESSIVE;
				CLANG_CXX_LANGUAGE_STANDARD = "gnu++14";
				CLANG_CXX_LIBRARY = "libc++";
				CLANG_ENABLE_MODULES = YES;
				CLANG_ENABLE_OBJC_ARC = YES;
				CLANG_ENABLE_OBJC_WEAK = YES;
				CLANG_WARN_BLOCK_CAPTURE_AUTORELEASING = YES;
				CLANG_WARN_BOOL_CONVERSION = YES;
				CLANG_WARN_COMMA = YES;
				CLANG_WARN_CONSTANT_CONVERSION = YES;
				CLANG_WARN_DEPRECATED_OBJC_IMPLEMENTATIONS = YES;
				CLANG_WARN_DIRECT_OBJC_ISA_USAGE = YES_ERROR;
				CLANG_WARN_DOCUMENTATION_COMMENTS = YES;
				CLANG_WARN_EMPTY_BODY = YES;
				CLANG_WARN_ENUM_CONVERSION = YES;
				CLANG_WARN_INFINITE_RECURSION = YES;
				CLANG_WARN_INT_CONVERSION = YES;
				CLANG_WARN_NON_LITERAL_NULL_CONVERSION = YES;
				CLANG_WARN_OBJC_IMPLICIT_RETAIN_SELF = YES;
				CLANG_WARN_OBJC_LITERAL_CONVERSION = YES;
				CLANG_WARN_OBJC_ROOT_CLASS = YES_ERROR;
				CLANG_WARN_QUOTED_INCLUDE_IN_FRAMEWORK_HEADER = YES;
				CLANG_WARN_RANGE_LOOP_ANALYSIS = YES;
				CLANG_WARN_STRICT_PROTOTYPES = YES;
				CLANG_WARN_SUSPICIOUS_MOVE = YES;
				CLANG_WARN_UNGUARDED_AVAILABILITY = YES_AGGRESSIVE;
				CLANG_WARN_UNREACHABLE_CODE = YES;
				CLANG_WARN__DUPLICATE_METHOD_MATCH = YES;
				COPY_PHASE_STRIP = NO;
				DEBUG_INFORMATION_FORMAT = dwarf;
				ENABLE_STRICT_OBJC_MSGSEND = YES;
				ENABLE_TESTABILITY = YES;
				GCC_C_LANGUAGE_STANDARD = gnu11;
				GCC_DYNAMIC_NO_PIC = NO;
				GCC_NO_COMMON_BLOCKS = YES;
				GCC_OPTIMIZATION_LEVEL = 0;
				GCC_PREPROCESSOR_DEFINITIONS = (
					"DEBUG=1",
					"$(inherited)",
				);
				GCC_WARN_64_TO_32_BIT_CONVERSION = YES;
				GCC_WARN_ABOUT_RETURN_TYPE = YES_ERROR;
				GCC_WARN_UNDECLARED_SELECTOR = YES;
				GCC_WARN_UNINITIALIZED_AUTOS = YES_AGGRESSIVE;
				GCC_WARN_UNUSED_FUNCTION = YES;
				GCC_WARN_UNUSED_VARIABLE = YES;
				IPHONEOS_DEPLOYMENT_TARGET = 14.5;
				MTL_ENABLE_DEBUG_INFO = INCLUDE_SOURCE;
				MTL_FAST_MATH = YES;
				ONLY_ACTIVE_ARCH = YES;
				SDKROOT = iphoneos;
				SWIFT_ACTIVE_COMPILATION_CONDITIONS = DEBUG;
				SWIFT_OPTIMIZATION_LEVEL = "-Onone";
			};
			name = Debug;
		};
		5218F16C26ADF30500B36874 /* Release */ = {
			isa = XCBuildConfiguration;
			buildSettings = {
				ALWAYS_SEARCH_USER_PATHS = NO;
				CLANG_ANALYZER_NONNULL = YES;
				CLANG_ANALYZER_NUMBER_OBJECT_CONVERSION = YES_AGGRESSIVE;
				CLANG_CXX_LANGUAGE_STANDARD = "gnu++14";
				CLANG_CXX_LIBRARY = "libc++";
				CLANG_ENABLE_MODULES = YES;
				CLANG_ENABLE_OBJC_ARC = YES;
				CLANG_ENABLE_OBJC_WEAK = YES;
				CLANG_WARN_BLOCK_CAPTURE_AUTORELEASING = YES;
				CLANG_WARN_BOOL_CONVERSION = YES;
				CLANG_WARN_COMMA = YES;
				CLANG_WARN_CONSTANT_CONVERSION = YES;
				CLANG_WARN_DEPRECATED_OBJC_IMPLEMENTATIONS = YES;
				CLANG_WARN_DIRECT_OBJC_ISA_USAGE = YES_ERROR;
				CLANG_WARN_DOCUMENTATION_COMMENTS = YES;
				CLANG_WARN_EMPTY_BODY = YES;
				CLANG_WARN_ENUM_CONVERSION = YES;
				CLANG_WARN_INFINITE_RECURSION = YES;
				CLANG_WARN_INT_CONVERSION = YES;
				CLANG_WARN_NON_LITERAL_NULL_CONVERSION = YES;
				CLANG_WARN_OBJC_IMPLICIT_RETAIN_SELF = YES;
				CLANG_WARN_OBJC_LITERAL_CONVERSION = YES;
				CLANG_WARN_OBJC_ROOT_CLASS = YES_ERROR;
				CLANG_WARN_QUOTED_INCLUDE_IN_FRAMEWORK_HEADER = YES;
				CLANG_WARN_RANGE_LOOP_ANALYSIS = YES;
				CLANG_WARN_STRICT_PROTOTYPES = YES;
				CLANG_WARN_SUSPICIOUS_MOVE = YES;
				CLANG_WARN_UNGUARDED_AVAILABILITY = YES_AGGRESSIVE;
				CLANG_WARN_UNREACHABLE_CODE = YES;
				CLANG_WARN__DUPLICATE_METHOD_MATCH = YES;
				COPY_PHASE_STRIP = NO;
				DEBUG_INFORMATION_FORMAT = "dwarf-with-dsym";
				ENABLE_NS_ASSERTIONS = NO;
				ENABLE_STRICT_OBJC_MSGSEND = YES;
				GCC_C_LANGUAGE_STANDARD = gnu11;
				GCC_NO_COMMON_BLOCKS = YES;
				GCC_WARN_64_TO_32_BIT_CONVERSION = YES;
				GCC_WARN_ABOUT_RETURN_TYPE = YES_ERROR;
				GCC_WARN_UNDECLARED_SELECTOR = YES;
				GCC_WARN_UNINITIALIZED_AUTOS = YES_AGGRESSIVE;
				GCC_WARN_UNUSED_FUNCTION = YES;
				GCC_WARN_UNUSED_VARIABLE = YES;
				IPHONEOS_DEPLOYMENT_TARGET = 14.5;
				MTL_ENABLE_DEBUG_INFO = NO;
				MTL_FAST_MATH = YES;
				SDKROOT = iphoneos;
				SWIFT_COMPILATION_MODE = wholemodule;
				SWIFT_OPTIMIZATION_LEVEL = "-O";
				VALIDATE_PRODUCT = YES;
			};
			name = Release;
		};
		5218F16E26ADF30500B36874 /* Debug */ = {
			isa = XCBuildConfiguration;
			buildSettings = {
				ASSETCATALOG_COMPILER_APPICON_NAME = AppIcon;
				ASSETCATALOG_COMPILER_GLOBAL_ACCENT_COLOR_NAME = AccentColor;
				CODE_SIGN_STYLE = Automatic;
				DEVELOPMENT_ASSET_PATHS = "\"DiaryTraining/Preview Content\"";
				ENABLE_PREVIEWS = YES;
				INFOPLIST_FILE = DiaryTraining/Info.plist;
				IPHONEOS_DEPLOYMENT_TARGET = 14.0;
				LD_RUNPATH_SEARCH_PATHS = (
					"$(inherited)",
					"@executable_path/Frameworks",
				);
				PRODUCT_BUNDLE_IDENTIFIER = ilya.DiaryTraining;
				PRODUCT_NAME = "$(TARGET_NAME)";
				SWIFT_VERSION = 5.0;
				TARGETED_DEVICE_FAMILY = "1,2";
			};
			name = Debug;
		};
		5218F16F26ADF30500B36874 /* Release */ = {
			isa = XCBuildConfiguration;
			buildSettings = {
				ASSETCATALOG_COMPILER_APPICON_NAME = AppIcon;
				ASSETCATALOG_COMPILER_GLOBAL_ACCENT_COLOR_NAME = AccentColor;
				CODE_SIGN_STYLE = Automatic;
				DEVELOPMENT_ASSET_PATHS = "\"DiaryTraining/Preview Content\"";
				ENABLE_PREVIEWS = YES;
				INFOPLIST_FILE = DiaryTraining/Info.plist;
				IPHONEOS_DEPLOYMENT_TARGET = 14.0;
				LD_RUNPATH_SEARCH_PATHS = (
					"$(inherited)",
					"@executable_path/Frameworks",
				);
				PRODUCT_BUNDLE_IDENTIFIER = ilya.DiaryTraining;
				PRODUCT_NAME = "$(TARGET_NAME)";
				SWIFT_VERSION = 5.0;
				TARGETED_DEVICE_FAMILY = "1,2";
			};
			name = Release;
		};
/* End XCBuildConfiguration section */

/* Begin XCConfigurationList section */
		5218F15926ADF30400B36874 /* Build configuration list for PBXProject "DiaryTraining" */ = {
			isa = XCConfigurationList;
			buildConfigurations = (
				5218F16B26ADF30500B36874 /* Debug */,
				5218F16C26ADF30500B36874 /* Release */,
			);
			defaultConfigurationIsVisible = 0;
			defaultConfigurationName = Release;
		};
		5218F16D26ADF30500B36874 /* Build configuration list for PBXNativeTarget "DiaryTraining" */ = {
			isa = XCConfigurationList;
			buildConfigurations = (
				5218F16E26ADF30500B36874 /* Debug */,
				5218F16F26ADF30500B36874 /* Release */,
			);
			defaultConfigurationIsVisible = 0;
			defaultConfigurationName = Release;
		};
/* End XCConfigurationList section */

/* Begin XCSwiftPackageProductDependency section */
		52797AD026AF0E2300DFCDE8 /* Networking */ = {
			isa = XCSwiftPackageProductDependency;
			productName = Networking;
		};
/* End XCSwiftPackageProductDependency section */
	};
	rootObject = 5218F15626ADF30400B36874 /* Project object */;
}
